<Solution>
  <Folder Name="/ProductManagement/">
    <Project Path="ProductManagement/Aggregator/Aggregator.csproj" />
    <Project Path="ProductManagement/DTO/DTO.csproj" />
    <Project Path="ProductManagement/Handler/Handler.csproj" />
    <Project Path="ProductManagement/ProductManagement.API/ProductManagement.API.csproj" />
    <Project Path="ProductManagement/Repository/Repository.csproj" />
  </Folder>
</Solution>
