<Solution>
  <Folder Name="/ProductManagement/">
    <Project Path="ProductManagement/Aggregator/ProductManagement.Aggregator.csproj" />
    <Project Path="ProductManagement/DTO/ProductManagement.DTO.csproj" />
    <Project Path="ProductManagement/Handler/ProductManagement.Handler.csproj" />
    <Project Path="ProductManagement/ProductManagement.API/ProductManagement.API.csproj" />
    <Project Path="ProductManagement/Repository/ProductManagement.Repository.csproj" />
  </Folder>
</Solution>
